
Microsoft Visual Studio Solution File, Format Version 10.00
# Visual Studio 2008
Project("{8BC9CEB8-8B4A-11D0-8D11-00A0C91BC942}") = "OfficeVol2", "OfficeVol2\OfficeVol2.vcproj", "{027943B7-33DC-4D93-B03F-1737EB6C5E52}"
	ProjectSection(ProjectDependencies) = postProject
		{1A234565-926D-49B2-83E4-D56E0C38C9F2} = {1A234565-926D-49B2-83E4-D56E0C38C9F2}
		{E106ACD7-4E53-4AEE-942B-D0DD426DB34E} = {E106ACD7-4E53-4AEE-942B-D0DD426DB34E}
		{A0C36CE7-D908-4573-8B69-249EEEB7D2BE} = {A0C36CE7-D908-4573-8B69-249EEEB7D2BE}
	EndProjectSection
EndProject
Project("{8BC9CEB8-8B4A-11D0-8D11-00A0C91BC942}") = "DuiLib", "DuiLib\DuiLib.vcproj", "{E106ACD7-4E53-4AEE-942B-D0DD426DB34E}"
EndProject
Project("{8BC9CEB8-8B4A-11D0-8D11-00A0C91BC942}") = "libconfig++", "libconfig\libconfig++.vcproj", "{A0C36CE7-D908-4573-8B69-249EEEB7D2BE}"
EndProject
Project("{8BC9CEB8-8B4A-11D0-8D11-00A0C91BC942}") = "libconfig", "libconfig\libconfig.vcproj", "{1A234565-926D-49B2-83E4-D56E0C38C9F2}"
EndProject
Global
	GlobalSection(SolutionConfigurationPlatforms) = preSolution
		Debug|Win32 = Debug|Win32
		Release|Win32 = Release|Win32
		UnicodeDebug|Win32 = UnicodeDebug|Win32
		UnicodeRelease|Win32 = UnicodeRelease|Win32
	EndGlobalSection
	GlobalSection(ProjectConfigurationPlatforms) = postSolution
		{027943B7-33DC-4D93-B03F-1737EB6C5E52}.Debug|Win32.ActiveCfg = Release|Win32
		{027943B7-33DC-4D93-B03F-1737EB6C5E52}.Debug|Win32.Build.0 = Release|Win32
		{027943B7-33DC-4D93-B03F-1737EB6C5E52}.Release|Win32.ActiveCfg = Release|Win32
		{027943B7-33DC-4D93-B03F-1737EB6C5E52}.Release|Win32.Build.0 = Release|Win32
		{027943B7-33DC-4D93-B03F-1737EB6C5E52}.UnicodeDebug|Win32.ActiveCfg = Debug|Win32
		{027943B7-33DC-4D93-B03F-1737EB6C5E52}.UnicodeDebug|Win32.Build.0 = Debug|Win32
		{027943B7-33DC-4D93-B03F-1737EB6C5E52}.UnicodeRelease|Win32.ActiveCfg = Release|Win32
		{027943B7-33DC-4D93-B03F-1737EB6C5E52}.UnicodeRelease|Win32.Build.0 = Release|Win32
		{E106ACD7-4E53-4AEE-942B-D0DD426DB34E}.Debug|Win32.ActiveCfg = Release|Win32
		{E106ACD7-4E53-4AEE-942B-D0DD426DB34E}.Debug|Win32.Build.0 = Release|Win32
		{E106ACD7-4E53-4AEE-942B-D0DD426DB34E}.Release|Win32.ActiveCfg = Release|Win32
		{E106ACD7-4E53-4AEE-942B-D0DD426DB34E}.Release|Win32.Build.0 = Release|Win32
		{E106ACD7-4E53-4AEE-942B-D0DD426DB34E}.UnicodeDebug|Win32.ActiveCfg = UnicodeDebug|Win32
		{E106ACD7-4E53-4AEE-942B-D0DD426DB34E}.UnicodeDebug|Win32.Build.0 = UnicodeDebug|Win32
		{E106ACD7-4E53-4AEE-942B-D0DD426DB34E}.UnicodeRelease|Win32.ActiveCfg = UnicodeRelease|Win32
		{E106ACD7-4E53-4AEE-942B-D0DD426DB34E}.UnicodeRelease|Win32.Build.0 = UnicodeRelease|Win32
		{A0C36CE7-D908-4573-8B69-249EEEB7D2BE}.Debug|Win32.ActiveCfg = Release|Win32
		{A0C36CE7-D908-4573-8B69-249EEEB7D2BE}.Debug|Win32.Build.0 = Release|Win32
		{A0C36CE7-D908-4573-8B69-249EEEB7D2BE}.Release|Win32.ActiveCfg = Release|Win32
		{A0C36CE7-D908-4573-8B69-249EEEB7D2BE}.Release|Win32.Build.0 = Release|Win32
		{A0C36CE7-D908-4573-8B69-249EEEB7D2BE}.UnicodeDebug|Win32.ActiveCfg = Debug|Win32
		{A0C36CE7-D908-4573-8B69-249EEEB7D2BE}.UnicodeDebug|Win32.Build.0 = Debug|Win32
		{A0C36CE7-D908-4573-8B69-249EEEB7D2BE}.UnicodeRelease|Win32.ActiveCfg = Release|Win32
		{A0C36CE7-D908-4573-8B69-249EEEB7D2BE}.UnicodeRelease|Win32.Build.0 = Release|Win32
		{1A234565-926D-49B2-83E4-D56E0C38C9F2}.Debug|Win32.ActiveCfg = Release|Win32
		{1A234565-926D-49B2-83E4-D56E0C38C9F2}.Debug|Win32.Build.0 = Release|Win32
		{1A234565-926D-49B2-83E4-D56E0C38C9F2}.Release|Win32.ActiveCfg = Release|Win32
		{1A234565-926D-49B2-83E4-D56E0C38C9F2}.Release|Win32.Build.0 = Release|Win32
		{1A234565-926D-49B2-83E4-D56E0C38C9F2}.UnicodeDebug|Win32.ActiveCfg = Debug|Win32
		{1A234565-926D-49B2-83E4-D56E0C38C9F2}.UnicodeDebug|Win32.Build.0 = Debug|Win32
		{1A234565-926D-49B2-83E4-D56E0C38C9F2}.UnicodeRelease|Win32.ActiveCfg = Release|Win32
		{1A234565-926D-49B2-83E4-D56E0C38C9F2}.UnicodeRelease|Win32.Build.0 = Release|Win32
	EndGlobalSection
	GlobalSection(SolutionProperties) = preSolution
		HideSolutionNode = FALSE
	EndGlobalSection
EndGlobal
